
Microsoft Visual Studio Solution File, Format Version 12.00
# Visual Studio Version 16
VisualStudioVersion = 16.0.31313.79
MinimumVisualStudioVersion = 10.0.40219.1
Project("{888888A0-9F3D-457C-B088-3A5042F75D52}") = "HelloPython", "HelloPython\HelloPython.pyproj", "{0634E8B6-EE2C-448E-860E-E28C6A6C1FC8}"
EndProject
Global
	GlobalSection(SolutionConfigurationPlatforms) = preSolution
		Debug|Any CPU = Debug|Any CPU
		Release|Any CPU = Release|Any CPU
	EndGlobalSection
	GlobalSection(ProjectConfigurationPlatforms) = postSolution
		{0634E8B6-EE2C-448E-860E-E28C6A6C1FC8}.Debug|Any CPU.ActiveCfg = Debug|Any CPU
		{0634E8B6-EE2C-448E-860E-E28C6A6C1FC8}.Release|Any CPU.ActiveCfg = Release|Any CPU
	EndGlobalSection
	GlobalSection(SolutionProperties) = preSolution
		HideSolutionNode = FALSE
	EndGlobalSection
	GlobalSection(ExtensibilityGlobals) = postSolution
		SolutionGuid = {3C5385C0-22E9-41B1-BDFF-78464A4085EE}
	EndGlobalSection
EndGlobal
